Microsoft Visual Studio Solution File, Format Version 12.00
# Visual Studio 15
VisualStudioVersion = 15.0.26730.0
MinimumVisualStudioVersion = 10.0.40219.1
Project("{2150E333-8FDC-42A3-9474-1A3956D46DE8}") = "src", "src", "{A4F4353B-C3D2-40B0-909A-5B48A748EA76}"
EndProject
Project("{2150E333-8FDC-42A3-9474-1A3956D46DE8}") = "Solution Items", "Solution Items", "{BF3E9C90-F129-4CE6-8F3B-F96831E4429B}"
	ProjectSection(SolutionItems) = preProject
		build\common.props = build\common.props
		build\dependencies.props = build\dependencies.props
		global.json = global.json
		NuGet.Config = NuGet.Config
		build\repo.props = build\repo.props
		build\repo.targets = build\repo.targets
	EndProjectSection
EndProject
Project("{2150E333-8FDC-42A3-9474-1A3956D46DE8}") = "test", "test", "{60A938B2-D95A-403C-AA7A-3683AD64DFA0}"
EndProject
Project("{9A19103F-16F7-4668-BE54-9A1E7A4F7556}") = "NuGetPackageVerifier.Console", "modules\NuGetPackageVerifier\console\NuGetPackageVerifier.Console.csproj", "{657AFF5E-164E-493D-8501-8026B7C20808}"
EndProject
Project("{9A19103F-16F7-4668-BE54-9A1E7A4F7556}") = "VersionTool", "src\VersionTool\VersionTool.csproj", "{102216C8-55CB-49EA-B20E-D41B1F0E42B1}"
EndProject
Project("{9A19103F-16F7-4668-BE54-9A1E7A4F7556}") = "ApiCheckBaseline.V1", "test\ApiCheckBaseline.V1\ApiCheckBaseline.V1.csproj", "{1B1731E0-4ADB-4A04-9418-FCD7F5CFB79E}"
EndProject
Project("{9A19103F-16F7-4668-BE54-9A1E7A4F7556}") = "ApiCheckBaseline.V2", "test\ApiCheckBaseline.V2\ApiCheckBaseline.V2.csproj", "{ECA89839-3332-43F3-B1B1-9C2D91B7285E}"
EndProject
Project("{9A19103F-16F7-4668-BE54-9A1E7A4F7556}") = "ApiCheck.Test", "test\ApiCheck.Test\ApiCheck.Test.csproj", "{D61A892B-D214-44AB-9652-334C4338377B}"
EndProject
Project("{9A19103F-16F7-4668-BE54-9A1E7A4F7556}") = "ApiCheck.Console", "src\ApiCheck.Console\ApiCheck.Console.csproj", "{AEFC7985-27C8-468E-8EF8-E1D589C9053F}"
EndProject
Project("{9A19103F-16F7-4668-BE54-9A1E7A4F7556}") = "NuGetPackageVerifier.Task", "modules\NuGetPackageVerifier\msbuild\NuGetPackageVerifier.Task.csproj", "{EF38C1CA-8A2E-4C8E-B478-7072C0140514}"
EndProject
Project("{9A19103F-16F7-4668-BE54-9A1E7A4F7556}") = "Internal.AspNetCore.Sdk", "src\Internal.AspNetCore.Sdk\Internal.AspNetCore.Sdk.csproj", "{F0E4CF2B-29B9-432B-BF27-195996CA24FD}"
EndProject
Project("{9A19103F-16F7-4668-BE54-9A1E7A4F7556}") = "BuildTools.Tasks", "modules\BuildTools.Tasks\BuildTools.Tasks.csproj", "{6A631446-BBDD-4743-B576-7F9793B6BE45}"
EndProject
Project("{9A19103F-16F7-4668-BE54-9A1E7A4F7556}") = "BuildTools.Tasks.Tests", "test\BuildTools.Tasks.Tests\BuildTools.Tasks.Tests.csproj", "{211858CA-6E82-4EFD-9960-8D023EEB789F}"
EndProject
Project("{9A19103F-16F7-4668-BE54-9A1E7A4F7556}") = "ApiCheck.Task", "src\ApiCheck.Task\ApiCheck.Task.csproj", "{9BE633D2-025A-4B29-A8A9-FC8F79C331AB}"
EndProject
Project("{9A19103F-16F7-4668-BE54-9A1E7A4F7556}") = "KoreBuild.FunctionalTests", "test\KoreBuild.FunctionalTests\KoreBuild.FunctionalTests.csproj", "{D5D1BD88-1781-4448-89DD-3E62C95D3A77}"
EndProject
Project("{2150E333-8FDC-42A3-9474-1A3956D46DE8}") = "build", "build", "{76ABA507-B453-43BA-BA98-FA3FDDC6DD39}"
	ProjectSection(SolutionItems) = preProject
		build\common.props = build\common.props
		build\dependencies.props = build\dependencies.props
		build\repo.beforecommon.props = build\repo.beforecommon.props
		build\repo.props = build\repo.props
		build\repo.targets = build\repo.targets
	EndProjectSection
EndProject
Project("{9A19103F-16F7-4668-BE54-9A1E7A4F7556}") = "RepoTasks", "build\tasks\RepoTasks.csproj", "{F3CAD1F9-68DB-49EA-88A7-573AE7FFE047}"
EndProject
Project("{9A19103F-16F7-4668-BE54-9A1E7A4F7556}") = "KoreBuild.Tasks", "modules\KoreBuild.Tasks\KoreBuild.Tasks.csproj", "{020ED083-4076-4711-A52B-2F89EA884F9B}"
EndProject
Project("{2150E333-8FDC-42A3-9474-1A3956D46DE8}") = "modules", "modules", "{BD3545FB-5520-43DF-B4F9-83BEA3A38ECA}"
	ProjectSection(SolutionItems) = preProject
		modules\Directory.Build.props = modules\Directory.Build.props
	EndProjectSection
EndProject
Project("{2150E333-8FDC-42A3-9474-1A3956D46DE8}") = "NuGetPackageVerifier", "NuGetPackageVerifier", "{C0E43505-F8EB-4B7F-B84D-5961F9763945}"
	ProjectSection(SolutionItems) = preProject
		modules\NuGetPackageVerifier\module.targets = modules\NuGetPackageVerifier\module.targets
		modules\NuGetPackageVerifier\NuGetPackageVerifier.proj = modules\NuGetPackageVerifier\NuGetPackageVerifier.proj
	EndProjectSection
EndProject
Project("{9A19103F-16F7-4668-BE54-9A1E7A4F7556}") = "KoreBuild.Tasks.Tests", "test\KoreBuild.Tasks.Tests\KoreBuild.Tasks.Tests.csproj", "{A3A81E93-0157-406F-A43C-C163F7F781A9}"
EndProject
Global
	GlobalSection(SolutionConfigurationPlatforms) = preSolution
		Debug|Any CPU = Debug|Any CPU
		Release|Any CPU = Release|Any CPU
	EndGlobalSection
	GlobalSection(ProjectConfigurationPlatforms) = postSolution
		{657AFF5E-164E-493D-8501-8026B7C20808}.Debug|Any CPU.ActiveCfg = Debug|Any CPU
		{657AFF5E-164E-493D-8501-8026B7C20808}.Debug|Any CPU.Build.0 = Debug|Any CPU
		{657AFF5E-164E-493D-8501-8026B7C20808}.Release|Any CPU.ActiveCfg = Release|Any CPU
		{657AFF5E-164E-493D-8501-8026B7C20808}.Release|Any CPU.Build.0 = Release|Any CPU
		{102216C8-55CB-49EA-B20E-D41B1F0E42B1}.Debug|Any CPU.ActiveCfg = Debug|Any CPU
		{102216C8-55CB-49EA-B20E-D41B1F0E42B1}.Debug|Any CPU.Build.0 = Debug|Any CPU
		{102216C8-55CB-49EA-B20E-D41B1F0E42B1}.Release|Any CPU.ActiveCfg = Release|Any CPU
		{102216C8-55CB-49EA-B20E-D41B1F0E42B1}.Release|Any CPU.Build.0 = Release|Any CPU
		{1B1731E0-4ADB-4A04-9418-FCD7F5CFB79E}.Debug|Any CPU.ActiveCfg = Debug|Any CPU
		{1B1731E0-4ADB-4A04-9418-FCD7F5CFB79E}.Debug|Any CPU.Build.0 = Debug|Any CPU
		{1B1731E0-4ADB-4A04-9418-FCD7F5CFB79E}.Release|Any CPU.ActiveCfg = Release|Any CPU
		{1B1731E0-4ADB-4A04-9418-FCD7F5CFB79E}.Release|Any CPU.Build.0 = Release|Any CPU
		{ECA89839-3332-43F3-B1B1-9C2D91B7285E}.Debug|Any CPU.ActiveCfg = Debug|Any CPU
		{ECA89839-3332-43F3-B1B1-9C2D91B7285E}.Debug|Any CPU.Build.0 = Debug|Any CPU
		{ECA89839-3332-43F3-B1B1-9C2D91B7285E}.Release|Any CPU.ActiveCfg = Release|Any CPU
		{ECA89839-3332-43F3-B1B1-9C2D91B7285E}.Release|Any CPU.Build.0 = Release|Any CPU
		{D61A892B-D214-44AB-9652-334C4338377B}.Debug|Any CPU.ActiveCfg = Debug|Any CPU
		{D61A892B-D214-44AB-9652-334C4338377B}.Debug|Any CPU.Build.0 = Debug|Any CPU
		{D61A892B-D214-44AB-9652-334C4338377B}.Release|Any CPU.ActiveCfg = Release|Any CPU
		{D61A892B-D214-44AB-9652-334C4338377B}.Release|Any CPU.Build.0 = Release|Any CPU
		{AEFC7985-27C8-468E-8EF8-E1D589C9053F}.Debug|Any CPU.ActiveCfg = Debug|Any CPU
		{AEFC7985-27C8-468E-8EF8-E1D589C9053F}.Debug|Any CPU.Build.0 = Debug|Any CPU
		{AEFC7985-27C8-468E-8EF8-E1D589C9053F}.Release|Any CPU.ActiveCfg = Release|Any CPU
		{AEFC7985-27C8-468E-8EF8-E1D589C9053F}.Release|Any CPU.Build.0 = Release|Any CPU
		{EF38C1CA-8A2E-4C8E-B478-7072C0140514}.Debug|Any CPU.ActiveCfg = Debug|Any CPU
		{EF38C1CA-8A2E-4C8E-B478-7072C0140514}.Debug|Any CPU.Build.0 = Debug|Any CPU
		{EF38C1CA-8A2E-4C8E-B478-7072C0140514}.Release|Any CPU.ActiveCfg = Release|Any CPU
		{EF38C1CA-8A2E-4C8E-B478-7072C0140514}.Release|Any CPU.Build.0 = Release|Any CPU
		{F0E4CF2B-29B9-432B-BF27-195996CA24FD}.Debug|Any CPU.ActiveCfg = Debug|Any CPU
		{F0E4CF2B-29B9-432B-BF27-195996CA24FD}.Debug|Any CPU.Build.0 = Debug|Any CPU
		{F0E4CF2B-29B9-432B-BF27-195996CA24FD}.Release|Any CPU.ActiveCfg = Release|Any CPU
		{F0E4CF2B-29B9-432B-BF27-195996CA24FD}.Release|Any CPU.Build.0 = Release|Any CPU
		{6A631446-BBDD-4743-B576-7F9793B6BE45}.Debug|Any CPU.ActiveCfg = Debug|Any CPU
		{6A631446-BBDD-4743-B576-7F9793B6BE45}.Debug|Any CPU.Build.0 = Debug|Any CPU
		{6A631446-BBDD-4743-B576-7F9793B6BE45}.Release|Any CPU.ActiveCfg = Release|Any CPU
		{6A631446-BBDD-4743-B576-7F9793B6BE45}.Release|Any CPU.Build.0 = Release|Any CPU
		{211858CA-6E82-4EFD-9960-8D023EEB789F}.Debug|Any CPU.ActiveCfg = Debug|Any CPU
		{211858CA-6E82-4EFD-9960-8D023EEB789F}.Debug|Any CPU.Build.0 = Debug|Any CPU
		{211858CA-6E82-4EFD-9960-8D023EEB789F}.Release|Any CPU.ActiveCfg = Release|Any CPU
		{211858CA-6E82-4EFD-9960-8D023EEB789F}.Release|Any CPU.Build.0 = Release|Any CPU
		{9BE633D2-025A-4B29-A8A9-FC8F79C331AB}.Debug|Any CPU.ActiveCfg = Debug|Any CPU
		{9BE633D2-025A-4B29-A8A9-FC8F79C331AB}.Debug|Any CPU.Build.0 = Debug|Any CPU
		{9BE633D2-025A-4B29-A8A9-FC8F79C331AB}.Release|Any CPU.ActiveCfg = Release|Any CPU
		{9BE633D2-025A-4B29-A8A9-FC8F79C331AB}.Release|Any CPU.Build.0 = Release|Any CPU
		{D5D1BD88-1781-4448-89DD-3E62C95D3A77}.Debug|Any CPU.ActiveCfg = Debug|Any CPU
		{D5D1BD88-1781-4448-89DD-3E62C95D3A77}.Debug|Any CPU.Build.0 = Debug|Any CPU
		{D5D1BD88-1781-4448-89DD-3E62C95D3A77}.Release|Any CPU.ActiveCfg = Release|Any CPU
		{D5D1BD88-1781-4448-89DD-3E62C95D3A77}.Release|Any CPU.Build.0 = Release|Any CPU
		{F3CAD1F9-68DB-49EA-88A7-573AE7FFE047}.Debug|Any CPU.ActiveCfg = Debug|Any CPU
		{F3CAD1F9-68DB-49EA-88A7-573AE7FFE047}.Release|Any CPU.ActiveCfg = Release|Any CPU
		{020ED083-4076-4711-A52B-2F89EA884F9B}.Debug|Any CPU.ActiveCfg = Debug|Any CPU
		{020ED083-4076-4711-A52B-2F89EA884F9B}.Debug|Any CPU.Build.0 = Debug|Any CPU
		{020ED083-4076-4711-A52B-2F89EA884F9B}.Release|Any CPU.ActiveCfg = Release|Any CPU
		{020ED083-4076-4711-A52B-2F89EA884F9B}.Release|Any CPU.Build.0 = Release|Any CPU
		{A3A81E93-0157-406F-A43C-C163F7F781A9}.Debug|Any CPU.ActiveCfg = Debug|Any CPU
		{A3A81E93-0157-406F-A43C-C163F7F781A9}.Debug|Any CPU.Build.0 = Debug|Any CPU
		{A3A81E93-0157-406F-A43C-C163F7F781A9}.Release|Any CPU.ActiveCfg = Release|Any CPU
		{A3A81E93-0157-406F-A43C-C163F7F781A9}.Release|Any CPU.Build.0 = Release|Any CPU
	EndGlobalSection
	GlobalSection(SolutionProperties) = preSolution
		HideSolutionNode = FALSE
	EndGlobalSection
	GlobalSection(NestedProjects) = preSolution
		{657AFF5E-164E-493D-8501-8026B7C20808} = {C0E43505-F8EB-4B7F-B84D-5961F9763945}
		{102216C8-55CB-49EA-B20E-D41B1F0E42B1} = {A4F4353B-C3D2-40B0-909A-5B48A748EA76}
		{1B1731E0-4ADB-4A04-9418-FCD7F5CFB79E} = {60A938B2-D95A-403C-AA7A-3683AD64DFA0}
		{ECA89839-3332-43F3-B1B1-9C2D91B7285E} = {60A938B2-D95A-403C-AA7A-3683AD64DFA0}
		{D61A892B-D214-44AB-9652-334C4338377B} = {60A938B2-D95A-403C-AA7A-3683AD64DFA0}
		{AEFC7985-27C8-468E-8EF8-E1D589C9053F} = {A4F4353B-C3D2-40B0-909A-5B48A748EA76}
		{EF38C1CA-8A2E-4C8E-B478-7072C0140514} = {C0E43505-F8EB-4B7F-B84D-5961F9763945}
		{F0E4CF2B-29B9-432B-BF27-195996CA24FD} = {A4F4353B-C3D2-40B0-909A-5B48A748EA76}
		{6A631446-BBDD-4743-B576-7F9793B6BE45} = {BD3545FB-5520-43DF-B4F9-83BEA3A38ECA}
		{211858CA-6E82-4EFD-9960-8D023EEB789F} = {60A938B2-D95A-403C-AA7A-3683AD64DFA0}
		{9BE633D2-025A-4B29-A8A9-FC8F79C331AB} = {A4F4353B-C3D2-40B0-909A-5B48A748EA76}
		{D5D1BD88-1781-4448-89DD-3E62C95D3A77} = {60A938B2-D95A-403C-AA7A-3683AD64DFA0}
		{F3CAD1F9-68DB-49EA-88A7-573AE7FFE047} = {76ABA507-B453-43BA-BA98-FA3FDDC6DD39}
		{020ED083-4076-4711-A52B-2F89EA884F9B} = {BD3545FB-5520-43DF-B4F9-83BEA3A38ECA}
		{C0E43505-F8EB-4B7F-B84D-5961F9763945} = {BD3545FB-5520-43DF-B4F9-83BEA3A38ECA}
		{A3A81E93-0157-406F-A43C-C163F7F781A9} = {60A938B2-D95A-403C-AA7A-3683AD64DFA0}
	EndGlobalSection
	GlobalSection(ExtensibilityGlobals) = postSolution
		SolutionGuid = {1B8809C8-A6C3-4761-BC91-B12841F49AE1}
	EndGlobalSection
EndGlobal
