Microsoft Visual Studio Solution File, Format Version 12.00
# Visual Studio 15
VisualStudioVersion = 15.0.26228.9
MinimumVisualStudioVersion = 10.0.40219.1
Project("{2150E333-8FDC-42A3-9474-1A3956D46DE8}") = "src", "src", "{A4F4353B-C3D2-40B0-909A-5B48A748EA76}"
EndProject
Project("{2150E333-8FDC-42A3-9474-1A3956D46DE8}") = "Solution Items", "Solution Items", "{BF3E9C90-F129-4CE6-8F3B-F96831E4429B}"
	ProjectSection(SolutionItems) = preProject
		build\common.props = build\common.props
		build\dependencies.props = build\dependencies.props
		global.json = global.json
		build\repo.props = build\repo.props
		build\repo.targets = build\repo.targets
	EndProjectSection
EndProject
Project("{2150E333-8FDC-42A3-9474-1A3956D46DE8}") = "test", "test", "{60A938B2-D95A-403C-AA7A-3683AD64DFA0}"
EndProject
Project("{9A19103F-16F7-4668-BE54-9A1E7A4F7556}") = "NuGetPackageVerifier", "src\NuGetPackageVerifier\NuGetPackageVerifier.csproj", "{657AFF5E-164E-493D-8501-8026B7C20808}"
EndProject
Project("{9A19103F-16F7-4668-BE54-9A1E7A4F7556}") = "SplitPackages", "src\SplitPackages\SplitPackages.csproj", "{C98F7832-85FB-451B-9152-87425ACF8EEB}"
EndProject
Project("{9A19103F-16F7-4668-BE54-9A1E7A4F7556}") = "DependenciesPackager", "src\DependenciesPackager\DependenciesPackager.csproj", "{183BBD52-FFC3-4636-9C6F-EAFA5CDBFEAB}"
EndProject
Project("{9A19103F-16F7-4668-BE54-9A1E7A4F7556}") = "PackageClassifier", "src\PackageClassifier\PackageClassifier.csproj", "{5F13329B-48C4-418A-A495-E9F58949C43E}"
EndProject
Project("{9A19103F-16F7-4668-BE54-9A1E7A4F7556}") = "VersionTool", "src\VersionTool\VersionTool.csproj", "{102216C8-55CB-49EA-B20E-D41B1F0E42B1}"
EndProject
Project("{9A19103F-16F7-4668-BE54-9A1E7A4F7556}") = "ApiCheckBaseline.V1", "test\ApiCheckBaseline.V1\ApiCheckBaseline.V1.csproj", "{1B1731E0-4ADB-4A04-9418-FCD7F5CFB79E}"
EndProject
Project("{9A19103F-16F7-4668-BE54-9A1E7A4F7556}") = "ApiCheckBaseline.V2", "test\ApiCheckBaseline.V2\ApiCheckBaseline.V2.csproj", "{ECA89839-3332-43F3-B1B1-9C2D91B7285E}"
EndProject
Project("{9A19103F-16F7-4668-BE54-9A1E7A4F7556}") = "ApiCheck.Test", "test\ApiCheck.Test\ApiCheck.Test.csproj", "{D61A892B-D214-44AB-9652-334C4338377B}"
EndProject
Project("{9A19103F-16F7-4668-BE54-9A1E7A4F7556}") = "Microsoft.AspNetCore.BuildTools.ApiCheck", "src\Microsoft.AspNetCore.BuildTools.ApiCheck\Microsoft.AspNetCore.BuildTools.ApiCheck.csproj", "{AEFC7985-27C8-468E-8EF8-E1D589C9053F}"
EndProject
Project("{9A19103F-16F7-4668-BE54-9A1E7A4F7556}") = "NuGetPackageVerifier.Task", "src\NuGetPackageVerifier.Task\NuGetPackageVerifier.Task.csproj", "{EF38C1CA-8A2E-4C8E-B478-7072C0140514}"
EndProject
Project("{9A19103F-16F7-4668-BE54-9A1E7A4F7556}") = "Internal.AspNetCore.Sdk", "src\Internal.AspNetCore.Sdk\Internal.AspNetCore.Sdk.csproj", "{F0E4CF2B-29B9-432B-BF27-195996CA24FD}"
EndProject
Project("{9A19103F-16F7-4668-BE54-9A1E7A4F7556}") = "Internal.AspNetCore.BuildTools.Tasks", "src\Internal.AspNetCore.BuildTools.Tasks\Internal.AspNetCore.BuildTools.Tasks.csproj", "{6A631446-BBDD-4743-B576-7F9793B6BE45}"
EndProject
Project("{9A19103F-16F7-4668-BE54-9A1E7A4F7556}") = "BuildTools.Tasks.Tests", "test\BuildTools.Tasks.Tests\BuildTools.Tasks.Tests.csproj", "{211858CA-6E82-4EFD-9960-8D023EEB789F}"
EndProject
Project("{9A19103F-16F7-4668-BE54-9A1E7A4F7556}") = "NugetReferenceResolver", "src\NugetReferenceResolver\NugetReferenceResolver.csproj", "{7034433C-4D1B-44A9-B696-55F1C43DB8CB}"
EndProject
Project("{9A19103F-16F7-4668-BE54-9A1E7A4F7556}") = "PackagePublisher", "src\PackagePublisher\PackagePublisher.csproj", "{E072CD5C-C8D9-4724-9896-A31973775C09}"
EndProject
Global
	GlobalSection(SolutionConfigurationPlatforms) = preSolution
		Debug|Any CPU = Debug|Any CPU
		Release|Any CPU = Release|Any CPU
	EndGlobalSection
	GlobalSection(ProjectConfigurationPlatforms) = postSolution
		{657AFF5E-164E-493D-8501-8026B7C20808}.Debug|Any CPU.ActiveCfg = Debug|Any CPU
		{657AFF5E-164E-493D-8501-8026B7C20808}.Debug|Any CPU.Build.0 = Debug|Any CPU
		{657AFF5E-164E-493D-8501-8026B7C20808}.Release|Any CPU.ActiveCfg = Release|Any CPU
		{657AFF5E-164E-493D-8501-8026B7C20808}.Release|Any CPU.Build.0 = Release|Any CPU
		{C98F7832-85FB-451B-9152-87425ACF8EEB}.Debug|Any CPU.ActiveCfg = Debug|Any CPU
		{C98F7832-85FB-451B-9152-87425ACF8EEB}.Debug|Any CPU.Build.0 = Debug|Any CPU
		{C98F7832-85FB-451B-9152-87425ACF8EEB}.Release|Any CPU.ActiveCfg = Release|Any CPU
		{C98F7832-85FB-451B-9152-87425ACF8EEB}.Release|Any CPU.Build.0 = Release|Any CPU
		{183BBD52-FFC3-4636-9C6F-EAFA5CDBFEAB}.Debug|Any CPU.ActiveCfg = Debug|Any CPU
		{183BBD52-FFC3-4636-9C6F-EAFA5CDBFEAB}.Debug|Any CPU.Build.0 = Debug|Any CPU
		{183BBD52-FFC3-4636-9C6F-EAFA5CDBFEAB}.Release|Any CPU.ActiveCfg = Release|Any CPU
		{183BBD52-FFC3-4636-9C6F-EAFA5CDBFEAB}.Release|Any CPU.Build.0 = Release|Any CPU
		{5F13329B-48C4-418A-A495-E9F58949C43E}.Debug|Any CPU.ActiveCfg = Debug|Any CPU
		{5F13329B-48C4-418A-A495-E9F58949C43E}.Debug|Any CPU.Build.0 = Debug|Any CPU
		{5F13329B-48C4-418A-A495-E9F58949C43E}.Release|Any CPU.ActiveCfg = Release|Any CPU
		{5F13329B-48C4-418A-A495-E9F58949C43E}.Release|Any CPU.Build.0 = Release|Any CPU
		{102216C8-55CB-49EA-B20E-D41B1F0E42B1}.Debug|Any CPU.ActiveCfg = Debug|Any CPU
		{102216C8-55CB-49EA-B20E-D41B1F0E42B1}.Debug|Any CPU.Build.0 = Debug|Any CPU
		{102216C8-55CB-49EA-B20E-D41B1F0E42B1}.Release|Any CPU.ActiveCfg = Release|Any CPU
		{102216C8-55CB-49EA-B20E-D41B1F0E42B1}.Release|Any CPU.Build.0 = Release|Any CPU
		{1B1731E0-4ADB-4A04-9418-FCD7F5CFB79E}.Debug|Any CPU.ActiveCfg = Debug|Any CPU
		{1B1731E0-4ADB-4A04-9418-FCD7F5CFB79E}.Debug|Any CPU.Build.0 = Debug|Any CPU
		{1B1731E0-4ADB-4A04-9418-FCD7F5CFB79E}.Release|Any CPU.ActiveCfg = Release|Any CPU
		{1B1731E0-4ADB-4A04-9418-FCD7F5CFB79E}.Release|Any CPU.Build.0 = Release|Any CPU
		{ECA89839-3332-43F3-B1B1-9C2D91B7285E}.Debug|Any CPU.ActiveCfg = Debug|Any CPU
		{ECA89839-3332-43F3-B1B1-9C2D91B7285E}.Debug|Any CPU.Build.0 = Debug|Any CPU
		{ECA89839-3332-43F3-B1B1-9C2D91B7285E}.Release|Any CPU.ActiveCfg = Release|Any CPU
		{ECA89839-3332-43F3-B1B1-9C2D91B7285E}.Release|Any CPU.Build.0 = Release|Any CPU
		{D61A892B-D214-44AB-9652-334C4338377B}.Debug|Any CPU.ActiveCfg = Debug|Any CPU
		{D61A892B-D214-44AB-9652-334C4338377B}.Debug|Any CPU.Build.0 = Debug|Any CPU
		{D61A892B-D214-44AB-9652-334C4338377B}.Release|Any CPU.ActiveCfg = Release|Any CPU
		{D61A892B-D214-44AB-9652-334C4338377B}.Release|Any CPU.Build.0 = Release|Any CPU
		{AEFC7985-27C8-468E-8EF8-E1D589C9053F}.Debug|Any CPU.ActiveCfg = Debug|Any CPU
		{AEFC7985-27C8-468E-8EF8-E1D589C9053F}.Debug|Any CPU.Build.0 = Debug|Any CPU
		{AEFC7985-27C8-468E-8EF8-E1D589C9053F}.Release|Any CPU.ActiveCfg = Release|Any CPU
		{AEFC7985-27C8-468E-8EF8-E1D589C9053F}.Release|Any CPU.Build.0 = Release|Any CPU
		{EF38C1CA-8A2E-4C8E-B478-7072C0140514}.Debug|Any CPU.ActiveCfg = Debug|Any CPU
		{EF38C1CA-8A2E-4C8E-B478-7072C0140514}.Debug|Any CPU.Build.0 = Debug|Any CPU
		{EF38C1CA-8A2E-4C8E-B478-7072C0140514}.Release|Any CPU.ActiveCfg = Release|Any CPU
		{EF38C1CA-8A2E-4C8E-B478-7072C0140514}.Release|Any CPU.Build.0 = Release|Any CPU
		{F0E4CF2B-29B9-432B-BF27-195996CA24FD}.Debug|Any CPU.ActiveCfg = Debug|Any CPU
		{F0E4CF2B-29B9-432B-BF27-195996CA24FD}.Debug|Any CPU.Build.0 = Debug|Any CPU
		{F0E4CF2B-29B9-432B-BF27-195996CA24FD}.Release|Any CPU.ActiveCfg = Release|Any CPU
		{F0E4CF2B-29B9-432B-BF27-195996CA24FD}.Release|Any CPU.Build.0 = Release|Any CPU
		{6A631446-BBDD-4743-B576-7F9793B6BE45}.Debug|Any CPU.ActiveCfg = Debug|Any CPU
		{6A631446-BBDD-4743-B576-7F9793B6BE45}.Debug|Any CPU.Build.0 = Debug|Any CPU
		{6A631446-BBDD-4743-B576-7F9793B6BE45}.Release|Any CPU.ActiveCfg = Release|Any CPU
		{6A631446-BBDD-4743-B576-7F9793B6BE45}.Release|Any CPU.Build.0 = Release|Any CPU
		{211858CA-6E82-4EFD-9960-8D023EEB789F}.Debug|Any CPU.ActiveCfg = Debug|Any CPU
		{211858CA-6E82-4EFD-9960-8D023EEB789F}.Debug|Any CPU.Build.0 = Debug|Any CPU
		{211858CA-6E82-4EFD-9960-8D023EEB789F}.Release|Any CPU.ActiveCfg = Release|Any CPU
		{211858CA-6E82-4EFD-9960-8D023EEB789F}.Release|Any CPU.Build.0 = Release|Any CPU
		{7034433C-4D1B-44A9-B696-55F1C43DB8CB}.Debug|Any CPU.ActiveCfg = Debug|Any CPU
		{7034433C-4D1B-44A9-B696-55F1C43DB8CB}.Debug|Any CPU.Build.0 = Debug|Any CPU
		{7034433C-4D1B-44A9-B696-55F1C43DB8CB}.Release|Any CPU.ActiveCfg = Release|Any CPU
		{7034433C-4D1B-44A9-B696-55F1C43DB8CB}.Release|Any CPU.Build.0 = Release|Any CPU
		{E072CD5C-C8D9-4724-9896-A31973775C09}.Debug|Any CPU.ActiveCfg = Debug|Any CPU
		{E072CD5C-C8D9-4724-9896-A31973775C09}.Debug|Any CPU.Build.0 = Debug|Any CPU
		{E072CD5C-C8D9-4724-9896-A31973775C09}.Release|Any CPU.ActiveCfg = Release|Any CPU
		{E072CD5C-C8D9-4724-9896-A31973775C09}.Release|Any CPU.Build.0 = Release|Any CPU
	EndGlobalSection
	GlobalSection(SolutionProperties) = preSolution
		HideSolutionNode = FALSE
	EndGlobalSection
	GlobalSection(NestedProjects) = preSolution
		{657AFF5E-164E-493D-8501-8026B7C20808} = {A4F4353B-C3D2-40B0-909A-5B48A748EA76}
		{C98F7832-85FB-451B-9152-87425ACF8EEB} = {A4F4353B-C3D2-40B0-909A-5B48A748EA76}
		{183BBD52-FFC3-4636-9C6F-EAFA5CDBFEAB} = {A4F4353B-C3D2-40B0-909A-5B48A748EA76}
		{5F13329B-48C4-418A-A495-E9F58949C43E} = {A4F4353B-C3D2-40B0-909A-5B48A748EA76}
		{102216C8-55CB-49EA-B20E-D41B1F0E42B1} = {A4F4353B-C3D2-40B0-909A-5B48A748EA76}
		{1B1731E0-4ADB-4A04-9418-FCD7F5CFB79E} = {60A938B2-D95A-403C-AA7A-3683AD64DFA0}
		{ECA89839-3332-43F3-B1B1-9C2D91B7285E} = {60A938B2-D95A-403C-AA7A-3683AD64DFA0}
		{D61A892B-D214-44AB-9652-334C4338377B} = {60A938B2-D95A-403C-AA7A-3683AD64DFA0}
		{AEFC7985-27C8-468E-8EF8-E1D589C9053F} = {A4F4353B-C3D2-40B0-909A-5B48A748EA76}
		{EF38C1CA-8A2E-4C8E-B478-7072C0140514} = {A4F4353B-C3D2-40B0-909A-5B48A748EA76}
		{F0E4CF2B-29B9-432B-BF27-195996CA24FD} = {A4F4353B-C3D2-40B0-909A-5B48A748EA76}
		{6A631446-BBDD-4743-B576-7F9793B6BE45} = {A4F4353B-C3D2-40B0-909A-5B48A748EA76}
		{211858CA-6E82-4EFD-9960-8D023EEB789F} = {60A938B2-D95A-403C-AA7A-3683AD64DFA0}
		{7034433C-4D1B-44A9-B696-55F1C43DB8CB} = {A4F4353B-C3D2-40B0-909A-5B48A748EA76}
		{E072CD5C-C8D9-4724-9896-A31973775C09} = {A4F4353B-C3D2-40B0-909A-5B48A748EA76}
	EndGlobalSection
EndGlobal
