Microsoft Visual Studio Solution File, Format Version 12.00
# Visual Studio 15
VisualStudioVersion = 15.0.26703.0
MinimumVisualStudioVersion = 15.0.26124.0
Project("{2150E333-8FDC-42A3-9474-1A3956D46DE8}") = "samples", "samples", "{E1BF3F65-67BF-4D76-9E20-D72E32D91986}"
EndProject
Project("{9A19103F-16F7-4668-BE54-9A1E7A4F7556}") = "Simple.Sample", "samples\Simple.Sample\Simple.Sample.csproj", "{A93A7682-D3BF-4516-A928-082C4850E252}"
EndProject
Project("{2150E333-8FDC-42A3-9474-1A3956D46DE8}") = "src", "src", "{7EAECC98-54A5-441F-8850-7C822DD23D82}"
EndProject
Project("{9A19103F-16F7-4668-BE54-9A1E7A4F7556}") = "Simple.Lib", "src\Simple.Lib\Simple.Lib.csproj", "{D25A24B5-FA41-4135-9531-6A2B70802B4E}"
EndProject
Project("{2150E333-8FDC-42A3-9474-1A3956D46DE8}") = "test", "test", "{479F5095-6D24-4C00-9E9E-32A41F71755C}"
EndProject
Project("{9A19103F-16F7-4668-BE54-9A1E7A4F7556}") = "Simple.Test", "test\Simple.Test\Simple.Test.csproj", "{55E328F5-C2BF-42FF-B70C-8EF6B1502965}"
EndProject
Project("{2150E333-8FDC-42A3-9474-1A3956D46DE8}") = "build", "build", "{62B6BEE6-38CF-4708-80F4-DB0C100663F3}"
EndProject
Project("{9A19103F-16F7-4668-BE54-9A1E7A4F7556}") = "RepoTasks", "build\tasks\RepoTasks.csproj", "{D1516754-5270-4CE4-A0AB-78C75597B9D2}"
EndProject
Project("{FAE04EC0-301F-11D3-BF4B-00C04F79EFBC}") = "Simple.CliTool", "src\Simple.CliTool\Simple.CliTool.csproj", "{3A9BFE78-61C5-4BBD-91D5-FF2E4E62FD11}"
EndProject
Global
	GlobalSection(SolutionConfigurationPlatforms) = preSolution
		Debug|Any CPU = Debug|Any CPU
		Release|Any CPU = Release|Any CPU
	EndGlobalSection
	GlobalSection(ProjectConfigurationPlatforms) = postSolution
		{A93A7682-D3BF-4516-A928-082C4850E252}.Debug|Any CPU.ActiveCfg = Debug|Any CPU
		{A93A7682-D3BF-4516-A928-082C4850E252}.Debug|Any CPU.Build.0 = Debug|Any CPU
		{A93A7682-D3BF-4516-A928-082C4850E252}.Release|Any CPU.ActiveCfg = Release|Any CPU
		{A93A7682-D3BF-4516-A928-082C4850E252}.Release|Any CPU.Build.0 = Release|Any CPU
		{D25A24B5-FA41-4135-9531-6A2B70802B4E}.Debug|Any CPU.ActiveCfg = Debug|Any CPU
		{D25A24B5-FA41-4135-9531-6A2B70802B4E}.Debug|Any CPU.Build.0 = Debug|Any CPU
		{D25A24B5-FA41-4135-9531-6A2B70802B4E}.Release|Any CPU.ActiveCfg = Release|Any CPU
		{D25A24B5-FA41-4135-9531-6A2B70802B4E}.Release|Any CPU.Build.0 = Release|Any CPU
		{55E328F5-C2BF-42FF-B70C-8EF6B1502965}.Debug|Any CPU.ActiveCfg = Debug|Any CPU
		{55E328F5-C2BF-42FF-B70C-8EF6B1502965}.Debug|Any CPU.Build.0 = Debug|Any CPU
		{55E328F5-C2BF-42FF-B70C-8EF6B1502965}.Release|Any CPU.ActiveCfg = Release|Any CPU
		{55E328F5-C2BF-42FF-B70C-8EF6B1502965}.Release|Any CPU.Build.0 = Release|Any CPU
		{D1516754-5270-4CE4-A0AB-78C75597B9D2}.Debug|Any CPU.ActiveCfg = Debug|Any CPU
		{D1516754-5270-4CE4-A0AB-78C75597B9D2}.Release|Any CPU.ActiveCfg = Release|Any CPU
		{3A9BFE78-61C5-4BBD-91D5-FF2E4E62FD11}.Debug|Any CPU.ActiveCfg = Debug|Any CPU
		{3A9BFE78-61C5-4BBD-91D5-FF2E4E62FD11}.Debug|Any CPU.Build.0 = Debug|Any CPU
		{3A9BFE78-61C5-4BBD-91D5-FF2E4E62FD11}.Release|Any CPU.ActiveCfg = Release|Any CPU
		{3A9BFE78-61C5-4BBD-91D5-FF2E4E62FD11}.Release|Any CPU.Build.0 = Release|Any CPU
	EndGlobalSection
	GlobalSection(SolutionProperties) = preSolution
		HideSolutionNode = FALSE
	EndGlobalSection
	GlobalSection(NestedProjects) = preSolution
		{A93A7682-D3BF-4516-A928-082C4850E252} = {E1BF3F65-67BF-4D76-9E20-D72E32D91986}
		{D25A24B5-FA41-4135-9531-6A2B70802B4E} = {7EAECC98-54A5-441F-8850-7C822DD23D82}
		{55E328F5-C2BF-42FF-B70C-8EF6B1502965} = {479F5095-6D24-4C00-9E9E-32A41F71755C}
		{D1516754-5270-4CE4-A0AB-78C75597B9D2} = {62B6BEE6-38CF-4708-80F4-DB0C100663F3}
		{3A9BFE78-61C5-4BBD-91D5-FF2E4E62FD11} = {7EAECC98-54A5-441F-8850-7C822DD23D82}
	EndGlobalSection
	GlobalSection(ExtensibilityGlobals) = postSolution
		SolutionGuid = {FEFB375B-9984-43FE-872B-A867AE42FDDA}
	EndGlobalSection
EndGlobal
